
Microsoft Visual Studio Solution File, Format Version 12.00
# Visual Studio Version 17
VisualStudioVersion = 17.9.34728.123
MinimumVisualStudioVersion = 10.0.40219.1
Project("{9A19103F-16F7-4668-BE54-9A1E7A4F7556}") = "EstudoRedis", "EstudoRedis\EstudoRedis.csproj", "{6B235B18-BB89-4B99-94C9-0AF6B39D5B18}"
EndProject
Project("{9A19103F-16F7-4668-BE54-9A1E7A4F7556}") = "EstudoRedisAPI", "EstudoRedisAPI\EstudoRedisAPI.csproj", "{71362177-4D90-45F8-975C-A0AF2002360A}"
EndProject
Global
	GlobalSection(SolutionConfigurationPlatforms) = preSolution
		Debug|Any CPU = Debug|Any CPU
		Release|Any CPU = Release|Any CPU
	EndGlobalSection
	GlobalSection(ProjectConfigurationPlatforms) = postSolution
		{6B235B18-BB89-4B99-94C9-0AF6B39D5B18}.Debug|Any CPU.ActiveCfg = Debug|Any CPU
		{6B235B18-BB89-4B99-94C9-0AF6B39D5B18}.Debug|Any CPU.Build.0 = Debug|Any CPU
		{6B235B18-BB89-4B99-94C9-0AF6B39D5B18}.Release|Any CPU.ActiveCfg = Release|Any CPU
		{6B235B18-BB89-4B99-94C9-0AF6B39D5B18}.Release|Any CPU.Build.0 = Release|Any CPU
		{71362177-4D90-45F8-975C-A0AF2002360A}.Debug|Any CPU.ActiveCfg = Debug|Any CPU
		{71362177-4D90-45F8-975C-A0AF2002360A}.Debug|Any CPU.Build.0 = Debug|Any CPU
		{71362177-4D90-45F8-975C-A0AF2002360A}.Release|Any CPU.ActiveCfg = Release|Any CPU
		{71362177-4D90-45F8-975C-A0AF2002360A}.Release|Any CPU.Build.0 = Release|Any CPU
	EndGlobalSection
	GlobalSection(SolutionProperties) = preSolution
		HideSolutionNode = FALSE
	EndGlobalSection
	GlobalSection(ExtensibilityGlobals) = postSolution
		SolutionGuid = {8EE38CEA-5344-4E25-96DE-2160548D8CA6}
	EndGlobalSection
EndGlobal
